// !$*UTF8*$!
{
	archiveVersion = 1;
	classes = {
	};
	objectVersion = 56;
	objects = {

/* Begin PBXBuildFile section */
		180154652AF37EA100AE2E76 /* AppDelegate.swift in Sources */ = {isa = PBXBuildFile; fileRef = 180154642AF37EA100AE2E76 /* AppDelegate.swift */; };
		180154672AF37EA100AE2E76 /* SceneDelegate.swift in Sources */ = {isa = PBXBuildFile; fileRef = 180154662AF37EA100AE2E76 /* SceneDelegate.swift */; };
		180154692AF37EA100AE2E76 /* ViewController.swift in Sources */ = {isa = PBXBuildFile; fileRef = 180154682AF37EA100AE2E76 /* ViewController.swift */; };
		1801546C2AF37EA100AE2E76 /* Main.storyboard in Resources */ = {isa = PBXBuildFile; fileRef = 1801546A2AF37EA100AE2E76 /* Main.storyboard */; };
		1801546E2AF37EA100AE2E76 /* Assets.xcassets in Resources */ = {isa = PBXBuildFile; fileRef = 1801546D2AF37EA100AE2E76 /* Assets.xcassets */; };
		180154712AF37EA100AE2E76 /* LaunchScreen.storyboard in Resources */ = {isa = PBXBuildFile; fileRef = 1801546F2AF37EA100AE2E76 /* LaunchScreen.storyboard */; };
		1801547E2AF3830200AE2E76 /* CollectionInTableViewCell.swift in Sources */ = {isa = PBXBuildFile; fileRef = 1801547C2AF3830200AE2E76 /* CollectionInTableViewCell.swift */; };
		1801547F2AF3830200AE2E76 /* CollectionInTableViewCell.xib in Resources */ = {isa = PBXBuildFile; fileRef = 1801547D2AF3830200AE2E76 /* CollectionInTableViewCell.xib */; };
		180154822AF38E9E00AE2E76 /* MainCollectionViewCell.swift in Sources */ = {isa = PBXBuildFile; fileRef = 180154802AF38E9E00AE2E76 /* MainCollectionViewCell.swift */; };
		180154832AF38E9E00AE2E76 /* MainCollectionViewCell.xib in Resources */ = {isa = PBXBuildFile; fileRef = 180154812AF38E9E00AE2E76 /* MainCollectionViewCell.xib */; };
		184E1B2A2AF3B5C000A3ABF5 /* APICollectionViewCell.swift in Sources */ = {isa = PBXBuildFile; fileRef = 184E1B282AF3B5C000A3ABF5 /* APICollectionViewCell.swift */; };
		184E1B2B2AF3B5C000A3ABF5 /* APICollectionViewCell.xib in Resources */ = {isa = PBXBuildFile; fileRef = 184E1B292AF3B5C000A3ABF5 /* APICollectionViewCell.xib */; };
		184E1B2D2AF3BB2E00A3ABF5 /* MemeData.swift in Sources */ = {isa = PBXBuildFile; fileRef = 184E1B2C2AF3BB2E00A3ABF5 /* MemeData.swift */; };
		18693E0C2AF6854600E6E111 /* SecondCollectionInTableViewCell.swift in Sources */ = {isa = PBXBuildFile; fileRef = 18693E0A2AF6854600E6E111 /* SecondCollectionInTableViewCell.swift */; };
		18693E0D2AF6854600E6E111 /* SecondCollectionInTableViewCell.xib in Resources */ = {isa = PBXBuildFile; fileRef = 18693E0B2AF6854600E6E111 /* SecondCollectionInTableViewCell.xib */; };
/* End PBXBuildFile section */

/* Begin PBXFileReference section */
		180154612AF37EA100AE2E76 /* Day1OnFloor.app */ = {isa = PBXFileReference; explicitFileType = wrapper.application; includeInIndex = 0; path = Day1OnFloor.app; sourceTree = BUILT_PRODUCTS_DIR; };
		180154642AF37EA100AE2E76 /* AppDelegate.swift */ = {isa = PBXFileReference; lastKnownFileType = sourcecode.swift; path = AppDelegate.swift; sourceTree = "<group>"; };
		180154662AF37EA100AE2E76 /* SceneDelegate.swift */ = {isa = PBXFileReference; lastKnownFileType = sourcecode.swift; path = SceneDelegate.swift; sourceTree = "<group>"; };
		180154682AF37EA100AE2E76 /* ViewController.swift */ = {isa = PBXFileReference; lastKnownFileType = sourcecode.swift; path = ViewController.swift; sourceTree = "<group>"; };
		1801546B2AF37EA100AE2E76 /* Base */ = {isa = PBXFileReference; lastKnownFileType = file.storyboard; name = Base; path = Base.lproj/Main.storyboard; sourceTree = "<group>"; };
		1801546D2AF37EA100AE2E76 /* Assets.xcassets */ = {isa = PBXFileReference; lastKnownFileType = folder.assetcatalog; path = Assets.xcassets; sourceTree = "<group>"; };
		180154702AF37EA100AE2E76 /* Base */ = {isa = PBXFileReference; lastKnownFileType = file.storyboard; name = Base; path = Base.lproj/LaunchScreen.storyboard; sourceTree = "<group>"; };
		180154722AF37EA100AE2E76 /* Info.plist */ = {isa = PBXFileReference; lastKnownFileType = text.plist.xml; path = Info.plist; sourceTree = "<group>"; };
		1801547C2AF3830200AE2E76 /* CollectionInTableViewCell.swift */ = {isa = PBXFileReference; lastKnownFileType = sourcecode.swift; path = CollectionInTableViewCell.swift; sourceTree = "<group>"; };
		1801547D2AF3830200AE2E76 /* CollectionInTableViewCell.xib */ = {isa = PBXFileReference; lastKnownFileType = file.xib; path = CollectionInTableViewCell.xib; sourceTree = "<group>"; };
		180154802AF38E9E00AE2E76 /* MainCollectionViewCell.swift */ = {isa = PBXFileReference; lastKnownFileType = sourcecode.swift; path = MainCollectionViewCell.swift; sourceTree = "<group>"; };
		180154812AF38E9E00AE2E76 /* MainCollectionViewCell.xib */ = {isa = PBXFileReference; lastKnownFileType = file.xib; path = MainCollectionViewCell.xib; sourceTree = "<group>"; };
		184E1B282AF3B5C000A3ABF5 /* APICollectionViewCell.swift */ = {isa = PBXFileReference; lastKnownFileType = sourcecode.swift; path = APICollectionViewCell.swift; sourceTree = "<group>"; };
		184E1B292AF3B5C000A3ABF5 /* APICollectionViewCell.xib */ = {isa = PBXFileReference; lastKnownFileType = file.xib; path = APICollectionViewCell.xib; sourceTree = "<group>"; };
		184E1B2C2AF3BB2E00A3ABF5 /* MemeData.swift */ = {isa = PBXFileReference; lastKnownFileType = sourcecode.swift; path = MemeData.swift; sourceTree = "<group>"; };
		18693E0A2AF6854600E6E111 /* SecondCollectionInTableViewCell.swift */ = {isa = PBXFileReference; lastKnownFileType = sourcecode.swift; path = SecondCollectionInTableViewCell.swift; sourceTree = "<group>"; };
		18693E0B2AF6854600E6E111 /* SecondCollectionInTableViewCell.xib */ = {isa = PBXFileReference; lastKnownFileType = file.xib; path = SecondCollectionInTableViewCell.xib; sourceTree = "<group>"; };
/* End PBXFileReference section */

/* Begin PBXFrameworksBuildPhase section */
		1801545E2AF37EA000AE2E76 /* Frameworks */ = {
			isa = PBXFrameworksBuildPhase;
			buildActionMask = 2147483647;
			files = (
			);
			runOnlyForDeploymentPostprocessing = 0;
		};
/* End PBXFrameworksBuildPhase section */

/* Begin PBXGroup section */
		180154582AF37EA000AE2E76 = {
			isa = PBXGroup;
			children = (
				180154632AF37EA100AE2E76 /* Day1OnFloor */,
				180154622AF37EA100AE2E76 /* Products */,
			);
			sourceTree = "<group>";
		};
		180154622AF37EA100AE2E76 /* Products */ = {
			isa = PBXGroup;
			children = (
				180154612AF37EA100AE2E76 /* Day1OnFloor.app */,
			);
			name = Products;
			sourceTree = "<group>";
		};
		180154632AF37EA100AE2E76 /* Day1OnFloor */ = {
			isa = PBXGroup;
			children = (
				18693E062AF6849400E6E111 /* API Collection Cell */,
				18693E082AF684D000E6E111 /* First Table Cell */,
				18693E092AF6850D00E6E111 /* Numbers Collection Cell */,
				18693E0E2AF6856700E6E111 /* Second Table Cell */,
				180154642AF37EA100AE2E76 /* AppDelegate.swift */,
				180154662AF37EA100AE2E76 /* SceneDelegate.swift */,
				180154682AF37EA100AE2E76 /* ViewController.swift */,
				1801546A2AF37EA100AE2E76 /* Main.storyboard */,
				184E1B2C2AF3BB2E00A3ABF5 /* MemeData.swift */,
				1801546D2AF37EA100AE2E76 /* Assets.xcassets */,
				1801546F2AF37EA100AE2E76 /* LaunchScreen.storyboard */,
				180154722AF37EA100AE2E76 /* Info.plist */,
			);
			path = Day1OnFloor;
			sourceTree = "<group>";
		};
		18693E062AF6849400E6E111 /* API Collection Cell */ = {
			isa = PBXGroup;
			children = (
				184E1B282AF3B5C000A3ABF5 /* APICollectionViewCell.swift */,
				184E1B292AF3B5C000A3ABF5 /* APICollectionViewCell.xib */,
			);
			path = "API Collection Cell";
			sourceTree = "<group>";
		};
		18693E082AF684D000E6E111 /* First Table Cell */ = {
			isa = PBXGroup;
			children = (
				1801547D2AF3830200AE2E76 /* CollectionInTableViewCell.xib */,
				1801547C2AF3830200AE2E76 /* CollectionInTableViewCell.swift */,
			);
			path = "First Table Cell";
			sourceTree = "<group>";
		};
		18693E092AF6850D00E6E111 /* Numbers Collection Cell */ = {
			isa = PBXGroup;
			children = (
				180154802AF38E9E00AE2E76 /* MainCollectionViewCell.swift */,
				180154812AF38E9E00AE2E76 /* MainCollectionViewCell.xib */,
			);
			path = "Numbers Collection Cell";
			sourceTree = "<group>";
		};
		18693E0E2AF6856700E6E111 /* Second Table Cell */ = {
			isa = PBXGroup;
			children = (
				18693E0A2AF6854600E6E111 /* SecondCollectionInTableViewCell.swift */,
				18693E0B2AF6854600E6E111 /* SecondCollectionInTableViewCell.xib */,
			);
			path = "Second Table Cell";
			sourceTree = "<group>";
		};
/* End PBXGroup section */

/* Begin PBXNativeTarget section */
		180154602AF37EA000AE2E76 /* Day1OnFloor */ = {
			isa = PBXNativeTarget;
			buildConfigurationList = 180154752AF37EA100AE2E76 /* Build configuration list for PBXNativeTarget "Day1OnFloor" */;
			buildPhases = (
				1801545D2AF37EA000AE2E76 /* Sources */,
				1801545E2AF37EA000AE2E76 /* Frameworks */,
				1801545F2AF37EA000AE2E76 /* Resources */,
			);
			buildRules = (
			);
			dependencies = (
			);
			name = Day1OnFloor;
			productName = Day1OnFloor;
			productReference = 180154612AF37EA100AE2E76 /* Day1OnFloor.app */;
			productType = "com.apple.product-type.application";
		};
/* End PBXNativeTarget section */

/* Begin PBXProject section */
		180154592AF37EA000AE2E76 /* Project object */ = {
			isa = PBXProject;
			attributes = {
				BuildIndependentTargetsInParallel = 1;
				LastSwiftUpdateCheck = 1500;
				LastUpgradeCheck = 1500;
				TargetAttributes = {
					180154602AF37EA000AE2E76 = {
						CreatedOnToolsVersion = 15.0;
					};
				};
			};
			buildConfigurationList = 1801545C2AF37EA000AE2E76 /* Build configuration list for PBXProject "Day1OnFloor" */;
			compatibilityVersion = "Xcode 14.0";
			developmentRegion = en;
			hasScannedForEncodings = 0;
			knownRegions = (
				en,
				Base,
			);
			mainGroup = 180154582AF37EA000AE2E76;
			productRefGroup = 180154622AF37EA100AE2E76 /* Products */;
			projectDirPath = "";
			projectRoot = "";
			targets = (
				180154602AF37EA000AE2E76 /* Day1OnFloor */,
			);
		};
/* End PBXProject section */

/* Begin PBXResourcesBuildPhase section */
		1801545F2AF37EA000AE2E76 /* Resources */ = {
			isa = PBXResourcesBuildPhase;
			buildActionMask = 2147483647;
			files = (
				1801547F2AF3830200AE2E76 /* CollectionInTableViewCell.xib in Resources */,
				184E1B2B2AF3B5C000A3ABF5 /* APICollectionViewCell.xib in Resources */,
				180154712AF37EA100AE2E76 /* LaunchScreen.storyboard in Resources */,
				1801546E2AF37EA100AE2E76 /* Assets.xcassets in Resources */,
				180154832AF38E9E00AE2E76 /* MainCollectionViewCell.xib in Resources */,
				1801546C2AF37EA100AE2E76 /* Main.storyboard in Resources */,
				18693E0D2AF6854600E6E111 /* SecondCollectionInTableViewCell.xib in Resources */,
			);
			runOnlyForDeploymentPostprocessing = 0;
		};
/* End PBXResourcesBuildPhase section */

/* Begin PBXSourcesBuildPhase section */
		1801545D2AF37EA000AE2E76 /* Sources */ = {
			isa = PBXSourcesBuildPhase;
			buildActionMask = 2147483647;
			files = (
				1801547E2AF3830200AE2E76 /* CollectionInTableViewCell.swift in Sources */,
				184E1B2A2AF3B5C000A3ABF5 /* APICollectionViewCell.swift in Sources */,
				18693E0C2AF6854600E6E111 /* SecondCollectionInTableViewCell.swift in Sources */,
				180154692AF37EA100AE2E76 /* ViewController.swift in Sources */,
				180154822AF38E9E00AE2E76 /* MainCollectionViewCell.swift in Sources */,
				184E1B2D2AF3BB2E00A3ABF5 /* MemeData.swift in Sources */,
				180154652AF37EA100AE2E76 /* AppDelegate.swift in Sources */,
				180154672AF37EA100AE2E76 /* SceneDelegate.swift in Sources */,
			);
			runOnlyForDeploymentPostprocessing = 0;
		};
/* End PBXSourcesBuildPhase section */

/* Begin PBXVariantGroup section */
		1801546A2AF37EA100AE2E76 /* Main.storyboard */ = {
			isa = PBXVariantGroup;
			children = (
				1801546B2AF37EA100AE2E76 /* Base */,
			);
			name = Main.storyboard;
			sourceTree = "<group>";
		};
		1801546F2AF37EA100AE2E76 /* LaunchScreen.storyboard */ = {
			isa = PBXVariantGroup;
			children = (
				180154702AF37EA100AE2E76 /* Base */,
			);
			name = LaunchScreen.storyboard;
			sourceTree = "<group>";
		};
/* End PBXVariantGroup section */

/* Begin XCBuildConfiguration section */
		180154732AF37EA100AE2E76 /* Debug */ = {
			isa = XCBuildConfiguration;
			buildSettings = {
				ALWAYS_SEARCH_USER_PATHS = NO;
				ASSETCATALOG_COMPILER_GENERATE_SWIFT_ASSET_SYMBOL_EXTENSIONS = YES;
				CLANG_ANALYZER_NONNULL = YES;
				CLANG_ANALYZER_NUMBER_OBJECT_CONVERSION = YES_AGGRESSIVE;
				CLANG_CXX_LANGUAGE_STANDARD = "gnu++20";
				CLANG_ENABLE_MODULES = YES;
				CLANG_ENABLE_OBJC_ARC = YES;
				CLANG_ENABLE_OBJC_WEAK = YES;
				CLANG_WARN_BLOCK_CAPTURE_AUTORELEASING = YES;
				CLANG_WARN_BOOL_CONVERSION = YES;
				CLANG_WARN_COMMA = YES;
				CLANG_WARN_CONSTANT_CONVERSION = YES;
				CLANG_WARN_DEPRECATED_OBJC_IMPLEMENTATIONS = YES;
				CLANG_WARN_DIRECT_OBJC_ISA_USAGE = YES_ERROR;
				CLANG_WARN_DOCUMENTATION_COMMENTS = YES;
				CLANG_WARN_EMPTY_BODY = YES;
				CLANG_WARN_ENUM_CONVERSION = YES;
				CLANG_WARN_INFINITE_RECURSION = YES;
				CLANG_WARN_INT_CONVERSION = YES;
				CLANG_WARN_NON_LITERAL_NULL_CONVERSION = YES;
				CLANG_WARN_OBJC_IMPLICIT_RETAIN_SELF = YES;
				CLANG_WARN_OBJC_LITERAL_CONVERSION = YES;
				CLANG_WARN_OBJC_ROOT_CLASS = YES_ERROR;
				CLANG_WARN_QUOTED_INCLUDE_IN_FRAMEWORK_HEADER = YES;
				CLANG_WARN_RANGE_LOOP_ANALYSIS = YES;
				CLANG_WARN_STRICT_PROTOTYPES = YES;
				CLANG_WARN_SUSPICIOUS_MOVE = YES;
				CLANG_WARN_UNGUARDED_AVAILABILITY = YES_AGGRESSIVE;
				CLANG_WARN_UNREACHABLE_CODE = YES;
				CLANG_WARN__DUPLICATE_METHOD_MATCH = YES;
				COPY_PHASE_STRIP = NO;
				DEBUG_INFORMATION_FORMAT = dwarf;
				ENABLE_STRICT_OBJC_MSGSEND = YES;
				ENABLE_TESTABILITY = YES;
				ENABLE_USER_SCRIPT_SANDBOXING = YES;
				GCC_C_LANGUAGE_STANDARD = gnu17;
				GCC_DYNAMIC_NO_PIC = NO;
				GCC_NO_COMMON_BLOCKS = YES;
				GCC_OPTIMIZATION_LEVEL = 0;
				GCC_PREPROCESSOR_DEFINITIONS = (
					"DEBUG=1",
					"$(inherited)",
				);
				GCC_WARN_64_TO_32_BIT_CONVERSION = YES;
				GCC_WARN_ABOUT_RETURN_TYPE = YES_ERROR;
				GCC_WARN_UNDECLARED_SELECTOR = YES;
				GCC_WARN_UNINITIALIZED_AUTOS = YES_AGGRESSIVE;
				GCC_WARN_UNUSED_FUNCTION = YES;
				GCC_WARN_UNUSED_VARIABLE = YES;
				IPHONEOS_DEPLOYMENT_TARGET = 17.0;
				LOCALIZATION_PREFERS_STRING_CATALOGS = YES;
				MTL_ENABLE_DEBUG_INFO = INCLUDE_SOURCE;
				MTL_FAST_MATH = YES;
				ONLY_ACTIVE_ARCH = YES;
				SDKROOT = iphoneos;
				SWIFT_ACTIVE_COMPILATION_CONDITIONS = "DEBUG $(inherited)";
				SWIFT_OPTIMIZATION_LEVEL = "-Onone";
			};
			name = Debug;
		};
		180154742AF37EA100AE2E76 /* Release */ = {
			isa = XCBuildConfiguration;
			buildSettings = {
				ALWAYS_SEARCH_USER_PATHS = NO;
				ASSETCATALOG_COMPILER_GENERATE_SWIFT_ASSET_SYMBOL_EXTENSIONS = YES;
				CLANG_ANALYZER_NONNULL = YES;
				CLANG_ANALYZER_NUMBER_OBJECT_CONVERSION = YES_AGGRESSIVE;
				CLANG_CXX_LANGUAGE_STANDARD = "gnu++20";
				CLANG_ENABLE_MODULES = YES;
				CLANG_ENABLE_OBJC_ARC = YES;
				CLANG_ENABLE_OBJC_WEAK = YES;
				CLANG_WARN_BLOCK_CAPTURE_AUTORELEASING = YES;
				CLANG_WARN_BOOL_CONVERSION = YES;
				CLANG_WARN_COMMA = YES;
				CLANG_WARN_CONSTANT_CONVERSION = YES;
				CLANG_WARN_DEPRECATED_OBJC_IMPLEMENTATIONS = YES;
				CLANG_WARN_DIRECT_OBJC_ISA_USAGE = YES_ERROR;
				CLANG_WARN_DOCUMENTATION_COMMENTS = YES;
				CLANG_WARN_EMPTY_BODY = YES;
				CLANG_WARN_ENUM_CONVERSION = YES;
				CLANG_WARN_INFINITE_RECURSION = YES;
				CLANG_WARN_INT_CONVERSION = YES;
				CLANG_WARN_NON_LITERAL_NULL_CONVERSION = YES;
				CLANG_WARN_OBJC_IMPLICIT_RETAIN_SELF = YES;
				CLANG_WARN_OBJC_LITERAL_CONVERSION = YES;
				CLANG_WARN_OBJC_ROOT_CLASS = YES_ERROR;
				CLANG_WARN_QUOTED_INCLUDE_IN_FRAMEWORK_HEADER = YES;
				CLANG_WARN_RANGE_LOOP_ANALYSIS = YES;
				CLANG_WARN_STRICT_PROTOTYPES = YES;
				CLANG_WARN_SUSPICIOUS_MOVE = YES;
				CLANG_WARN_UNGUARDED_AVAILABILITY = YES_AGGRESSIVE;
				CLANG_WARN_UNREACHABLE_CODE = YES;
				CLANG_WARN__DUPLICATE_METHOD_MATCH = YES;
				COPY_PHASE_STRIP = NO;
				DEBUG_INFORMATION_FORMAT = "dwarf-with-dsym";
				ENABLE_NS_ASSERTIONS = NO;
				ENABLE_STRICT_OBJC_MSGSEND = YES;
				ENABLE_USER_SCRIPT_SANDBOXING = YES;
				GCC_C_LANGUAGE_STANDARD = gnu17;
				GCC_NO_COMMON_BLOCKS = YES;
				GCC_WARN_64_TO_32_BIT_CONVERSION = YES;
				GCC_WARN_ABOUT_RETURN_TYPE = YES_ERROR;
				GCC_WARN_UNDECLARED_SELECTOR = YES;
				GCC_WARN_UNINITIALIZED_AUTOS = YES_AGGRESSIVE;
				GCC_WARN_UNUSED_FUNCTION = YES;
				GCC_WARN_UNUSED_VARIABLE = YES;
				IPHONEOS_DEPLOYMENT_TARGET = 17.0;
				LOCALIZATION_PREFERS_STRING_CATALOGS = YES;
				MTL_ENABLE_DEBUG_INFO = NO;
				MTL_FAST_MATH = YES;
				SDKROOT = iphoneos;
				SWIFT_COMPILATION_MODE = wholemodule;
				VALIDATE_PRODUCT = YES;
			};
			name = Release;
		};
		180154762AF37EA100AE2E76 /* Debug */ = {
			isa = XCBuildConfiguration;
			buildSettings = {
				ASSETCATALOG_COMPILER_APPICON_NAME = AppIcon;
				ASSETCATALOG_COMPILER_GLOBAL_ACCENT_COLOR_NAME = AccentColor;
				CODE_SIGN_STYLE = Automatic;
				CURRENT_PROJECT_VERSION = 1;
				DEVELOPMENT_TEAM = M88J4RQYPM;
				GENERATE_INFOPLIST_FILE = YES;
				INFOPLIST_FILE = Day1OnFloor/Info.plist;
				INFOPLIST_KEY_UIApplicationSupportsIndirectInputEvents = YES;
				INFOPLIST_KEY_UILaunchStoryboardName = LaunchScreen;
				INFOPLIST_KEY_UIMainStoryboardFile = Main;
				INFOPLIST_KEY_UISupportedInterfaceOrientations_iPad = "UIInterfaceOrientationPortrait UIInterfaceOrientationPortraitUpsideDown UIInterfaceOrientationLandscapeLeft UIInterfaceOrientationLandscapeRight";
				INFOPLIST_KEY_UISupportedInterfaceOrientations_iPhone = "UIInterfaceOrientationPortrait UIInterfaceOrientationLandscapeLeft UIInterfaceOrientationLandscapeRight";
				LD_RUNPATH_SEARCH_PATHS = (
					"$(inherited)",
					"@executable_path/Frameworks",
				);
				MARKETING_VERSION = 1.0;
				PRODUCT_BUNDLE_IDENTIFIER = net.sportzinteractive.Day1OnFloor;
				PRODUCT_NAME = "$(TARGET_NAME)";
				SWIFT_EMIT_LOC_STRINGS = YES;
				SWIFT_VERSION = 5.0;
				TARGETED_DEVICE_FAMILY = "1,2";
			};
			name = Debug;
		};
		180154772AF37EA100AE2E76 /* Release */ = {
			isa = XCBuildConfiguration;
			buildSettings = {
				ASSETCATALOG_COMPILER_APPICON_NAME = AppIcon;
				ASSETCATALOG_COMPILER_GLOBAL_ACCENT_COLOR_NAME = AccentColor;
				CODE_SIGN_STYLE = Automatic;
				CURRENT_PROJECT_VERSION = 1;
				DEVELOPMENT_TEAM = M88J4RQYPM;
				GENERATE_INFOPLIST_FILE = YES;
				INFOPLIST_FILE = Day1OnFloor/Info.plist;
				INFOPLIST_KEY_UIApplicationSupportsIndirectInputEvents = YES;
				INFOPLIST_KEY_UILaunchStoryboardName = LaunchScreen;
				INFOPLIST_KEY_UIMainStoryboardFile = Main;
				INFOPLIST_KEY_UISupportedInterfaceOrientations_iPad = "UIInterfaceOrientationPortrait UIInterfaceOrientationPortraitUpsideDown UIInterfaceOrientationLandscapeLeft UIInterfaceOrientationLandscapeRight";
				INFOPLIST_KEY_UISupportedInterfaceOrientations_iPhone = "UIInterfaceOrientationPortrait UIInterfaceOrientationLandscapeLeft UIInterfaceOrientationLandscapeRight";
				LD_RUNPATH_SEARCH_PATHS = (
					"$(inherited)",
					"@executable_path/Frameworks",
				);
				MARKETING_VERSION = 1.0;
				PRODUCT_BUNDLE_IDENTIFIER = net.sportzinteractive.Day1OnFloor;
				PRODUCT_NAME = "$(TARGET_NAME)";
				SWIFT_EMIT_LOC_STRINGS = YES;
				SWIFT_VERSION = 5.0;
				TARGETED_DEVICE_FAMILY = "1,2";
			};
			name = Release;
		};
/* End XCBuildConfiguration section */

/* Begin XCConfigurationList section */
		1801545C2AF37EA000AE2E76 /* Build configuration list for PBXProject "Day1OnFloor" */ = {
			isa = XCConfigurationList;
			buildConfigurations = (
				180154732AF37EA100AE2E76 /* Debug */,
				180154742AF37EA100AE2E76 /* Release */,
			);
			defaultConfigurationIsVisible = 0;
			defaultConfigurationName = Release;
		};
		180154752AF37EA100AE2E76 /* Build configuration list for PBXNativeTarget "Day1OnFloor" */ = {
			isa = XCConfigurationList;
			buildConfigurations = (
				180154762AF37EA100AE2E76 /* Debug */,
				180154772AF37EA100AE2E76 /* Release */,
			);
			defaultConfigurationIsVisible = 0;
			defaultConfigurationName = Release;
		};
/* End XCConfigurationList section */
	};
	rootObject = 180154592AF37EA000AE2E76 /* Project object */;
}
