// !$*UTF8*$!
{
	archiveVersion = 1;
	classes = {
	};
	objectVersion = 56;
	objects = {

/* Begin PBXBuildFile section */
		18823FD82AFBAE9F00ABD0F2 /* AppDelegate.swift in Sources */ = {isa = PBXBuildFile; fileRef = 18823FD72AFBAE9F00ABD0F2 /* AppDelegate.swift */; };
		18823FDA2AFBAE9F00ABD0F2 /* SceneDelegate.swift in Sources */ = {isa = PBXBuildFile; fileRef = 18823FD92AFBAE9F00ABD0F2 /* SceneDelegate.swift */; };
		18823FDC2AFBAE9F00ABD0F2 /* ViewController.swift in Sources */ = {isa = PBXBuildFile; fileRef = 18823FDB2AFBAE9F00ABD0F2 /* ViewController.swift */; };
		18823FDF2AFBAE9F00ABD0F2 /* Main.storyboard in Resources */ = {isa = PBXBuildFile; fileRef = 18823FDD2AFBAE9F00ABD0F2 /* Main.storyboard */; };
		18823FE12AFBAE9F00ABD0F2 /* Assets.xcassets in Resources */ = {isa = PBXBuildFile; fileRef = 18823FE02AFBAE9F00ABD0F2 /* Assets.xcassets */; };
		18823FE42AFBAE9F00ABD0F2 /* LaunchScreen.storyboard in Resources */ = {isa = PBXBuildFile; fileRef = 18823FE22AFBAE9F00ABD0F2 /* LaunchScreen.storyboard */; };
		18823FF12AFBB3FB00ABD0F2 /* AllMatchDetails.swift in Sources */ = {isa = PBXBuildFile; fileRef = 18823FF02AFBB3FB00ABD0F2 /* AllMatchDetails.swift */; };
/* End PBXBuildFile section */

/* Begin PBXFileReference section */
		18823FD42AFBAE9F00ABD0F2 /* Associates Training Assignment Concurrency.app */ = {isa = PBXFileReference; explicitFileType = wrapper.application; includeInIndex = 0; path = "Associates Training Assignment Concurrency.app"; sourceTree = BUILT_PRODUCTS_DIR; };
		18823FD72AFBAE9F00ABD0F2 /* AppDelegate.swift */ = {isa = PBXFileReference; lastKnownFileType = sourcecode.swift; path = AppDelegate.swift; sourceTree = "<group>"; };
		18823FD92AFBAE9F00ABD0F2 /* SceneDelegate.swift */ = {isa = PBXFileReference; lastKnownFileType = sourcecode.swift; path = SceneDelegate.swift; sourceTree = "<group>"; };
		18823FDB2AFBAE9F00ABD0F2 /* ViewController.swift */ = {isa = PBXFileReference; lastKnownFileType = sourcecode.swift; path = ViewController.swift; sourceTree = "<group>"; };
		18823FDE2AFBAE9F00ABD0F2 /* Base */ = {isa = PBXFileReference; lastKnownFileType = file.storyboard; name = Base; path = Base.lproj/Main.storyboard; sourceTree = "<group>"; };
		18823FE02AFBAE9F00ABD0F2 /* Assets.xcassets */ = {isa = PBXFileReference; lastKnownFileType = folder.assetcatalog; path = Assets.xcassets; sourceTree = "<group>"; };
		18823FE32AFBAE9F00ABD0F2 /* Base */ = {isa = PBXFileReference; lastKnownFileType = file.storyboard; name = Base; path = Base.lproj/LaunchScreen.storyboard; sourceTree = "<group>"; };
		18823FE52AFBAE9F00ABD0F2 /* Info.plist */ = {isa = PBXFileReference; lastKnownFileType = text.plist.xml; path = Info.plist; sourceTree = "<group>"; };
		18823FF02AFBB3FB00ABD0F2 /* AllMatchDetails.swift */ = {isa = PBXFileReference; lastKnownFileType = sourcecode.swift; path = AllMatchDetails.swift; sourceTree = "<group>"; };
/* End PBXFileReference section */

/* Begin PBXFrameworksBuildPhase section */
		18823FD12AFBAE9F00ABD0F2 /* Frameworks */ = {
			isa = PBXFrameworksBuildPhase;
			buildActionMask = 2147483647;
			files = (
			);
			runOnlyForDeploymentPostprocessing = 0;
		};
/* End PBXFrameworksBuildPhase section */

/* Begin PBXGroup section */
		18823FCB2AFBAE9F00ABD0F2 = {
			isa = PBXGroup;
			children = (
				18823FD62AFBAE9F00ABD0F2 /* Associates Training Assignment Concurrency */,
				18823FD52AFBAE9F00ABD0F2 /* Products */,
			);
			sourceTree = "<group>";
		};
		18823FD52AFBAE9F00ABD0F2 /* Products */ = {
			isa = PBXGroup;
			children = (
				18823FD42AFBAE9F00ABD0F2 /* Associates Training Assignment Concurrency.app */,
			);
			name = Products;
			sourceTree = "<group>";
		};
		18823FD62AFBAE9F00ABD0F2 /* Associates Training Assignment Concurrency */ = {
			isa = PBXGroup;
			children = (
				18823FD72AFBAE9F00ABD0F2 /* AppDelegate.swift */,
				18823FF22AFBB40800ABD0F2 /* Model */,
				18823FD92AFBAE9F00ABD0F2 /* SceneDelegate.swift */,
				18823FDB2AFBAE9F00ABD0F2 /* ViewController.swift */,
				18823FDD2AFBAE9F00ABD0F2 /* Main.storyboard */,
				18823FE02AFBAE9F00ABD0F2 /* Assets.xcassets */,
				18823FE22AFBAE9F00ABD0F2 /* LaunchScreen.storyboard */,
				18823FE52AFBAE9F00ABD0F2 /* Info.plist */,
			);
			path = "Associates Training Assignment Concurrency";
			sourceTree = "<group>";
		};
		18823FF22AFBB40800ABD0F2 /* Model */ = {
			isa = PBXGroup;
			children = (
				18823FF02AFBB3FB00ABD0F2 /* AllMatchDetails.swift */,
			);
			path = Model;
			sourceTree = "<group>";
		};
/* End PBXGroup section */

/* Begin PBXNativeTarget section */
		18823FD32AFBAE9F00ABD0F2 /* Associates Training Assignment Concurrency */ = {
			isa = PBXNativeTarget;
			buildConfigurationList = 18823FE82AFBAE9F00ABD0F2 /* Build configuration list for PBXNativeTarget "Associates Training Assignment Concurrency" */;
			buildPhases = (
				18823FD02AFBAE9F00ABD0F2 /* Sources */,
				18823FD12AFBAE9F00ABD0F2 /* Frameworks */,
				18823FD22AFBAE9F00ABD0F2 /* Resources */,
			);
			buildRules = (
			);
			dependencies = (
			);
			name = "Associates Training Assignment Concurrency";
			productName = "Associates Training Assignment Concurrency";
			productReference = 18823FD42AFBAE9F00ABD0F2 /* Associates Training Assignment Concurrency.app */;
			productType = "com.apple.product-type.application";
		};
/* End PBXNativeTarget section */

/* Begin PBXProject section */
		18823FCC2AFBAE9F00ABD0F2 /* Project object */ = {
			isa = PBXProject;
			attributes = {
				BuildIndependentTargetsInParallel = 1;
				LastSwiftUpdateCheck = 1500;
				LastUpgradeCheck = 1500;
				TargetAttributes = {
					18823FD32AFBAE9F00ABD0F2 = {
						CreatedOnToolsVersion = 15.0;
					};
				};
			};
			buildConfigurationList = 18823FCF2AFBAE9F00ABD0F2 /* Build configuration list for PBXProject "Associates Training Assignment Concurrency" */;
			compatibilityVersion = "Xcode 14.0";
			developmentRegion = en;
			hasScannedForEncodings = 0;
			knownRegions = (
				en,
				Base,
			);
			mainGroup = 18823FCB2AFBAE9F00ABD0F2;
			productRefGroup = 18823FD52AFBAE9F00ABD0F2 /* Products */;
			projectDirPath = "";
			projectRoot = "";
			targets = (
				18823FD32AFBAE9F00ABD0F2 /* Associates Training Assignment Concurrency */,
			);
		};
/* End PBXProject section */

/* Begin PBXResourcesBuildPhase section */
		18823FD22AFBAE9F00ABD0F2 /* Resources */ = {
			isa = PBXResourcesBuildPhase;
			buildActionMask = 2147483647;
			files = (
				18823FE42AFBAE9F00ABD0F2 /* LaunchScreen.storyboard in Resources */,
				18823FE12AFBAE9F00ABD0F2 /* Assets.xcassets in Resources */,
				18823FDF2AFBAE9F00ABD0F2 /* Main.storyboard in Resources */,
			);
			runOnlyForDeploymentPostprocessing = 0;
		};
/* End PBXResourcesBuildPhase section */

/* Begin PBXSourcesBuildPhase section */
		18823FD02AFBAE9F00ABD0F2 /* Sources */ = {
			isa = PBXSourcesBuildPhase;
			buildActionMask = 2147483647;
			files = (
				18823FF12AFBB3FB00ABD0F2 /* AllMatchDetails.swift in Sources */,
				18823FDC2AFBAE9F00ABD0F2 /* ViewController.swift in Sources */,
				18823FD82AFBAE9F00ABD0F2 /* AppDelegate.swift in Sources */,
				18823FDA2AFBAE9F00ABD0F2 /* SceneDelegate.swift in Sources */,
			);
			runOnlyForDeploymentPostprocessing = 0;
		};
/* End PBXSourcesBuildPhase section */

/* Begin PBXVariantGroup section */
		18823FDD2AFBAE9F00ABD0F2 /* Main.storyboard */ = {
			isa = PBXVariantGroup;
			children = (
				18823FDE2AFBAE9F00ABD0F2 /* Base */,
			);
			name = Main.storyboard;
			sourceTree = "<group>";
		};
		18823FE22AFBAE9F00ABD0F2 /* LaunchScreen.storyboard */ = {
			isa = PBXVariantGroup;
			children = (
				18823FE32AFBAE9F00ABD0F2 /* Base */,
			);
			name = LaunchScreen.storyboard;
			sourceTree = "<group>";
		};
/* End PBXVariantGroup section */

/* Begin XCBuildConfiguration section */
		18823FE62AFBAE9F00ABD0F2 /* Debug */ = {
			isa = XCBuildConfiguration;
			buildSettings = {
				ALWAYS_SEARCH_USER_PATHS = NO;
				ASSETCATALOG_COMPILER_GENERATE_SWIFT_ASSET_SYMBOL_EXTENSIONS = YES;
				CLANG_ANALYZER_NONNULL = YES;
				CLANG_ANALYZER_NUMBER_OBJECT_CONVERSION = YES_AGGRESSIVE;
				CLANG_CXX_LANGUAGE_STANDARD = "gnu++20";
				CLANG_ENABLE_MODULES = YES;
				CLANG_ENABLE_OBJC_ARC = YES;
				CLANG_ENABLE_OBJC_WEAK = YES;
				CLANG_WARN_BLOCK_CAPTURE_AUTORELEASING = YES;
				CLANG_WARN_BOOL_CONVERSION = YES;
				CLANG_WARN_COMMA = YES;
				CLANG_WARN_CONSTANT_CONVERSION = YES;
				CLANG_WARN_DEPRECATED_OBJC_IMPLEMENTATIONS = YES;
				CLANG_WARN_DIRECT_OBJC_ISA_USAGE = YES_ERROR;
				CLANG_WARN_DOCUMENTATION_COMMENTS = YES;
				CLANG_WARN_EMPTY_BODY = YES;
				CLANG_WARN_ENUM_CONVERSION = YES;
				CLANG_WARN_INFINITE_RECURSION = YES;
				CLANG_WARN_INT_CONVERSION = YES;
				CLANG_WARN_NON_LITERAL_NULL_CONVERSION = YES;
				CLANG_WARN_OBJC_IMPLICIT_RETAIN_SELF = YES;
				CLANG_WARN_OBJC_LITERAL_CONVERSION = YES;
				CLANG_WARN_OBJC_ROOT_CLASS = YES_ERROR;
				CLANG_WARN_QUOTED_INCLUDE_IN_FRAMEWORK_HEADER = YES;
				CLANG_WARN_RANGE_LOOP_ANALYSIS = YES;
				CLANG_WARN_STRICT_PROTOTYPES = YES;
				CLANG_WARN_SUSPICIOUS_MOVE = YES;
				CLANG_WARN_UNGUARDED_AVAILABILITY = YES_AGGRESSIVE;
				CLANG_WARN_UNREACHABLE_CODE = YES;
				CLANG_WARN__DUPLICATE_METHOD_MATCH = YES;
				COPY_PHASE_STRIP = NO;
				DEBUG_INFORMATION_FORMAT = dwarf;
				ENABLE_STRICT_OBJC_MSGSEND = YES;
				ENABLE_TESTABILITY = YES;
				ENABLE_USER_SCRIPT_SANDBOXING = YES;
				GCC_C_LANGUAGE_STANDARD = gnu17;
				GCC_DYNAMIC_NO_PIC = NO;
				GCC_NO_COMMON_BLOCKS = YES;
				GCC_OPTIMIZATION_LEVEL = 0;
				GCC_PREPROCESSOR_DEFINITIONS = (
					"DEBUG=1",
					"$(inherited)",
				);
				GCC_WARN_64_TO_32_BIT_CONVERSION = YES;
				GCC_WARN_ABOUT_RETURN_TYPE = YES_ERROR;
				GCC_WARN_UNDECLARED_SELECTOR = YES;
				GCC_WARN_UNINITIALIZED_AUTOS = YES_AGGRESSIVE;
				GCC_WARN_UNUSED_FUNCTION = YES;
				GCC_WARN_UNUSED_VARIABLE = YES;
				IPHONEOS_DEPLOYMENT_TARGET = 17.0;
				LOCALIZATION_PREFERS_STRING_CATALOGS = YES;
				MTL_ENABLE_DEBUG_INFO = INCLUDE_SOURCE;
				MTL_FAST_MATH = YES;
				ONLY_ACTIVE_ARCH = YES;
				SDKROOT = iphoneos;
				SWIFT_ACTIVE_COMPILATION_CONDITIONS = "DEBUG $(inherited)";
				SWIFT_OPTIMIZATION_LEVEL = "-Onone";
			};
			name = Debug;
		};
		18823FE72AFBAE9F00ABD0F2 /* Release */ = {
			isa = XCBuildConfiguration;
			buildSettings = {
				ALWAYS_SEARCH_USER_PATHS = NO;
				ASSETCATALOG_COMPILER_GENERATE_SWIFT_ASSET_SYMBOL_EXTENSIONS = YES;
				CLANG_ANALYZER_NONNULL = YES;
				CLANG_ANALYZER_NUMBER_OBJECT_CONVERSION = YES_AGGRESSIVE;
				CLANG_CXX_LANGUAGE_STANDARD = "gnu++20";
				CLANG_ENABLE_MODULES = YES;
				CLANG_ENABLE_OBJC_ARC = YES;
				CLANG_ENABLE_OBJC_WEAK = YES;
				CLANG_WARN_BLOCK_CAPTURE_AUTORELEASING = YES;
				CLANG_WARN_BOOL_CONVERSION = YES;
				CLANG_WARN_COMMA = YES;
				CLANG_WARN_CONSTANT_CONVERSION = YES;
				CLANG_WARN_DEPRECATED_OBJC_IMPLEMENTATIONS = YES;
				CLANG_WARN_DIRECT_OBJC_ISA_USAGE = YES_ERROR;
				CLANG_WARN_DOCUMENTATION_COMMENTS = YES;
				CLANG_WARN_EMPTY_BODY = YES;
				CLANG_WARN_ENUM_CONVERSION = YES;
				CLANG_WARN_INFINITE_RECURSION = YES;
				CLANG_WARN_INT_CONVERSION = YES;
				CLANG_WARN_NON_LITERAL_NULL_CONVERSION = YES;
				CLANG_WARN_OBJC_IMPLICIT_RETAIN_SELF = YES;
				CLANG_WARN_OBJC_LITERAL_CONVERSION = YES;
				CLANG_WARN_OBJC_ROOT_CLASS = YES_ERROR;
				CLANG_WARN_QUOTED_INCLUDE_IN_FRAMEWORK_HEADER = YES;
				CLANG_WARN_RANGE_LOOP_ANALYSIS = YES;
				CLANG_WARN_STRICT_PROTOTYPES = YES;
				CLANG_WARN_SUSPICIOUS_MOVE = YES;
				CLANG_WARN_UNGUARDED_AVAILABILITY = YES_AGGRESSIVE;
				CLANG_WARN_UNREACHABLE_CODE = YES;
				CLANG_WARN__DUPLICATE_METHOD_MATCH = YES;
				COPY_PHASE_STRIP = NO;
				DEBUG_INFORMATION_FORMAT = "dwarf-with-dsym";
				ENABLE_NS_ASSERTIONS = NO;
				ENABLE_STRICT_OBJC_MSGSEND = YES;
				ENABLE_USER_SCRIPT_SANDBOXING = YES;
				GCC_C_LANGUAGE_STANDARD = gnu17;
				GCC_NO_COMMON_BLOCKS = YES;
				GCC_WARN_64_TO_32_BIT_CONVERSION = YES;
				GCC_WARN_ABOUT_RETURN_TYPE = YES_ERROR;
				GCC_WARN_UNDECLARED_SELECTOR = YES;
				GCC_WARN_UNINITIALIZED_AUTOS = YES_AGGRESSIVE;
				GCC_WARN_UNUSED_FUNCTION = YES;
				GCC_WARN_UNUSED_VARIABLE = YES;
				IPHONEOS_DEPLOYMENT_TARGET = 17.0;
				LOCALIZATION_PREFERS_STRING_CATALOGS = YES;
				MTL_ENABLE_DEBUG_INFO = NO;
				MTL_FAST_MATH = YES;
				SDKROOT = iphoneos;
				SWIFT_COMPILATION_MODE = wholemodule;
				VALIDATE_PRODUCT = YES;
			};
			name = Release;
		};
		18823FE92AFBAE9F00ABD0F2 /* Debug */ = {
			isa = XCBuildConfiguration;
			buildSettings = {
				ASSETCATALOG_COMPILER_APPICON_NAME = AppIcon;
				ASSETCATALOG_COMPILER_GLOBAL_ACCENT_COLOR_NAME = AccentColor;
				CODE_SIGN_STYLE = Automatic;
				CURRENT_PROJECT_VERSION = 1;
				DEVELOPMENT_TEAM = M88J4RQYPM;
				GENERATE_INFOPLIST_FILE = YES;
				INFOPLIST_FILE = "Associates Training Assignment Concurrency/Info.plist";
				INFOPLIST_KEY_UIApplicationSupportsIndirectInputEvents = YES;
				INFOPLIST_KEY_UILaunchStoryboardName = LaunchScreen;
				INFOPLIST_KEY_UIMainStoryboardFile = Main;
				INFOPLIST_KEY_UISupportedInterfaceOrientations_iPad = "UIInterfaceOrientationPortrait UIInterfaceOrientationPortraitUpsideDown UIInterfaceOrientationLandscapeLeft UIInterfaceOrientationLandscapeRight";
				INFOPLIST_KEY_UISupportedInterfaceOrientations_iPhone = "UIInterfaceOrientationPortrait UIInterfaceOrientationLandscapeLeft UIInterfaceOrientationLandscapeRight";
				LD_RUNPATH_SEARCH_PATHS = (
					"$(inherited)",
					"@executable_path/Frameworks",
				);
				MARKETING_VERSION = 1.0;
				PRODUCT_BUNDLE_IDENTIFIER = "net.sportzinteractive.Associates-Training-Assignment-Concurrency";
				PRODUCT_NAME = "$(TARGET_NAME)";
				SWIFT_EMIT_LOC_STRINGS = YES;
				SWIFT_VERSION = 5.0;
				TARGETED_DEVICE_FAMILY = "1,2";
			};
			name = Debug;
		};
		18823FEA2AFBAE9F00ABD0F2 /* Release */ = {
			isa = XCBuildConfiguration;
			buildSettings = {
				ASSETCATALOG_COMPILER_APPICON_NAME = AppIcon;
				ASSETCATALOG_COMPILER_GLOBAL_ACCENT_COLOR_NAME = AccentColor;
				CODE_SIGN_STYLE = Automatic;
				CURRENT_PROJECT_VERSION = 1;
				DEVELOPMENT_TEAM = M88J4RQYPM;
				GENERATE_INFOPLIST_FILE = YES;
				INFOPLIST_FILE = "Associates Training Assignment Concurrency/Info.plist";
				INFOPLIST_KEY_UIApplicationSupportsIndirectInputEvents = YES;
				INFOPLIST_KEY_UILaunchStoryboardName = LaunchScreen;
				INFOPLIST_KEY_UIMainStoryboardFile = Main;
				INFOPLIST_KEY_UISupportedInterfaceOrientations_iPad = "UIInterfaceOrientationPortrait UIInterfaceOrientationPortraitUpsideDown UIInterfaceOrientationLandscapeLeft UIInterfaceOrientationLandscapeRight";
				INFOPLIST_KEY_UISupportedInterfaceOrientations_iPhone = "UIInterfaceOrientationPortrait UIInterfaceOrientationLandscapeLeft UIInterfaceOrientationLandscapeRight";
				LD_RUNPATH_SEARCH_PATHS = (
					"$(inherited)",
					"@executable_path/Frameworks",
				);
				MARKETING_VERSION = 1.0;
				PRODUCT_BUNDLE_IDENTIFIER = "net.sportzinteractive.Associates-Training-Assignment-Concurrency";
				PRODUCT_NAME = "$(TARGET_NAME)";
				SWIFT_EMIT_LOC_STRINGS = YES;
				SWIFT_VERSION = 5.0;
				TARGETED_DEVICE_FAMILY = "1,2";
			};
			name = Release;
		};
/* End XCBuildConfiguration section */

/* Begin XCConfigurationList section */
		18823FCF2AFBAE9F00ABD0F2 /* Build configuration list for PBXProject "Associates Training Assignment Concurrency" */ = {
			isa = XCConfigurationList;
			buildConfigurations = (
				18823FE62AFBAE9F00ABD0F2 /* Debug */,
				18823FE72AFBAE9F00ABD0F2 /* Release */,
			);
			defaultConfigurationIsVisible = 0;
			defaultConfigurationName = Release;
		};
		18823FE82AFBAE9F00ABD0F2 /* Build configuration list for PBXNativeTarget "Associates Training Assignment Concurrency" */ = {
			isa = XCConfigurationList;
			buildConfigurations = (
				18823FE92AFBAE9F00ABD0F2 /* Debug */,
				18823FEA2AFBAE9F00ABD0F2 /* Release */,
			);
			defaultConfigurationIsVisible = 0;
			defaultConfigurationName = Release;
		};
/* End XCConfigurationList section */
	};
	rootObject = 18823FCC2AFBAE9F00ABD0F2 /* Project object */;
}
